
Microsoft Visual Studio Solution File, Format Version 12.00
# Visual Studio 15
VisualStudioVersion = 15.0.28307.572
MinimumVisualStudioVersion = 10.0.40219.1
Project("{8BC9CEB8-8B4A-11D0-8D11-00A0C91BC942}") = "MyFirstGame", "MyFirstGame\MyFirstGame.vcxproj", "{43F25C38-FF9A-4246-9957-84B85F714380}"
	ProjectSection(ProjectDependencies) = postProject
		{E26B071A-87D6-45C3-8B92-FA64B3DD4CEC} = {E26B071A-87D6-45C3-8B92-FA64B3DD4CEC}
	EndProjectSection
EndProject
Project("{8BC9CEB8-8B4A-11D0-8D11-00A0C91BC942}") = "Unittest", "Unittest\Unittest.vcxproj", "{6AB651B7-3180-46D5-9FC0-AB2D501F6960}"
	ProjectSection(ProjectDependencies) = postProject
		{E26B071A-87D6-45C3-8B92-FA64B3DD4CEC} = {E26B071A-87D6-45C3-8B92-FA64B3DD4CEC}
	EndProjectSection
EndProject
Project("{8BC9CEB8-8B4A-11D0-8D11-00A0C91BC942}") = "MyLibrary", "MyLibrary\MyLibrary.vcxproj", "{E26B071A-87D6-45C3-8B92-FA64B3DD4CEC}"
EndProject
Project("{8BC9CEB8-8B4A-11D0-8D11-00A0C91BC942}") = "QtGuiApplication", "QtGuiApplication\QtGuiApplication.vcxproj", "{B12702AD-ABFB-343A-A199-8E24837244A3}"
	ProjectSection(ProjectDependencies) = postProject
		{E26B071A-87D6-45C3-8B92-FA64B3DD4CEC} = {E26B071A-87D6-45C3-8B92-FA64B3DD4CEC}
	EndProjectSection
EndProject
Global
	GlobalSection(SolutionConfigurationPlatforms) = preSolution
		Debug|x64 = Debug|x64
		Debug|x86 = Debug|x86
		Release|x64 = Release|x64
		Release|x86 = Release|x86
	EndGlobalSection
	GlobalSection(ProjectConfigurationPlatforms) = postSolution
		{43F25C38-FF9A-4246-9957-84B85F714380}.Debug|x64.ActiveCfg = Debug|x64
		{43F25C38-FF9A-4246-9957-84B85F714380}.Debug|x64.Build.0 = Debug|x64
		{43F25C38-FF9A-4246-9957-84B85F714380}.Debug|x86.ActiveCfg = Debug|Win32
		{43F25C38-FF9A-4246-9957-84B85F714380}.Debug|x86.Build.0 = Debug|Win32
		{43F25C38-FF9A-4246-9957-84B85F714380}.Release|x64.ActiveCfg = Release|x64
		{43F25C38-FF9A-4246-9957-84B85F714380}.Release|x64.Build.0 = Release|x64
		{43F25C38-FF9A-4246-9957-84B85F714380}.Release|x86.ActiveCfg = Release|Win32
		{43F25C38-FF9A-4246-9957-84B85F714380}.Release|x86.Build.0 = Release|Win32
		{6AB651B7-3180-46D5-9FC0-AB2D501F6960}.Debug|x64.ActiveCfg = Debug|x64
		{6AB651B7-3180-46D5-9FC0-AB2D501F6960}.Debug|x64.Build.0 = Debug|x64
		{6AB651B7-3180-46D5-9FC0-AB2D501F6960}.Debug|x86.ActiveCfg = Debug|Win32
		{6AB651B7-3180-46D5-9FC0-AB2D501F6960}.Debug|x86.Build.0 = Debug|Win32
		{6AB651B7-3180-46D5-9FC0-AB2D501F6960}.Release|x64.ActiveCfg = Release|x64
		{6AB651B7-3180-46D5-9FC0-AB2D501F6960}.Release|x64.Build.0 = Release|x64
		{6AB651B7-3180-46D5-9FC0-AB2D501F6960}.Release|x86.ActiveCfg = Release|Win32
		{6AB651B7-3180-46D5-9FC0-AB2D501F6960}.Release|x86.Build.0 = Release|Win32
		{E26B071A-87D6-45C3-8B92-FA64B3DD4CEC}.Debug|x64.ActiveCfg = Debug|x64
		{E26B071A-87D6-45C3-8B92-FA64B3DD4CEC}.Debug|x64.Build.0 = Debug|x64
		{E26B071A-87D6-45C3-8B92-FA64B3DD4CEC}.Debug|x86.ActiveCfg = Debug|Win32
		{E26B071A-87D6-45C3-8B92-FA64B3DD4CEC}.Debug|x86.Build.0 = Debug|Win32
		{E26B071A-87D6-45C3-8B92-FA64B3DD4CEC}.Release|x64.ActiveCfg = Release|x64
		{E26B071A-87D6-45C3-8B92-FA64B3DD4CEC}.Release|x64.Build.0 = Release|x64
		{E26B071A-87D6-45C3-8B92-FA64B3DD4CEC}.Release|x86.ActiveCfg = Release|Win32
		{E26B071A-87D6-45C3-8B92-FA64B3DD4CEC}.Release|x86.Build.0 = Release|Win32
		{B12702AD-ABFB-343A-A199-8E24837244A3}.Debug|x64.ActiveCfg = Debug|x64
		{B12702AD-ABFB-343A-A199-8E24837244A3}.Debug|x64.Build.0 = Debug|x64
		{B12702AD-ABFB-343A-A199-8E24837244A3}.Debug|x86.ActiveCfg = Debug|x64
		{B12702AD-ABFB-343A-A199-8E24837244A3}.Release|x64.ActiveCfg = Release|x64
		{B12702AD-ABFB-343A-A199-8E24837244A3}.Release|x64.Build.0 = Release|x64
		{B12702AD-ABFB-343A-A199-8E24837244A3}.Release|x86.ActiveCfg = Release|x64
	EndGlobalSection
	GlobalSection(SolutionProperties) = preSolution
		HideSolutionNode = FALSE
	EndGlobalSection
	GlobalSection(ExtensibilityGlobals) = postSolution
		SolutionGuid = {E6959782-A4C4-4590-AEEC-3530D48C3D2F}
	EndGlobalSection
EndGlobal
